{
  "name": "autosnl",
  "version": "1.0.0",
  "lockfileVersion": 3,
  "requires": true,
  "packages": {
    "": {
      "name": "autosnl",
      "version": "1.0.0",
      "license": "ISC",
      "dependencies": {
        "playbook_cli": "^1.0.7"
      }
    },
    "node_modules/playbook_cli": {
      "version": "1.0.7",
      "resolved": "https://registry.npmjs.org/playbook_cli/-/playbook_cli-1.0.7.tgz",
      "integrity": "sha512-wi1F+wYECYEm3jlAnoDqhxzvbkRgv814TIYJcQtgfHjW3BIancPlfmEO2mlAyCUmefijFNp81jbrfSjSDViOww==",
      "bin": {
        "playbook": "index.js"
      }
    }
  }
}
